
Microsoft Visual Studio Solution File, Format Version 12.00
# Visual Studio Version 17
VisualStudioVersion = 17.4.33213.308
MinimumVisualStudioVersion = 10.0.40219.1
Project("{9A19103F-16F7-4668-BE54-9A1E7A4F7556}") = "Ispu.Gis.EnergyBalances", "Ispu.Gis.EnergyBalances\Ispu.Gis.EnergyBalances.csproj", "{21B82628-4458-408E-B220-5CECE6836973}"
EndProject
Project("{9A19103F-16F7-4668-BE54-9A1E7A4F7556}") = "Ispu.Gis.EnergyBalances.Infrastructure", "Ispu.Gis.EnergyBalances.Infrastructure\Ispu.Gis.EnergyBalances.Infrastructure.csproj", "{0BEFEA7A-3041-4884-AA83-42B74467F05D}"
EndProject
Project("{2150E333-8FDC-42A3-9474-1A3956D46DE8}") = "utils", "utils", "{77A3B7D8-FA8B-408E-BBFD-4D47ABAA8881}"
EndProject
Project("{9A19103F-16F7-4668-BE54-9A1E7A4F7556}") = "Ispu.Utils.EnergyBalances.GeoCoding", "Ispu.Utils.EnergyBalances.GeoCoding\Ispu.Utils.EnergyBalances.GeoCoding.csproj", "{5598154E-5C20-46CF-9F79-32CDA8A7C8A4}"
EndProject
Project("{E53339B2-1760-4266-BCC7-CA923CBCF16C}") = "docker-compose", "docker-compose.dcproj", "{5D5A920E-5FFF-4ECD-9F7A-EB968EFA89E4}"
EndProject
Project("{FAE04EC0-301F-11D3-BF4B-00C04F79EFBC}") = "Ispu.Gis.EnergyBalances.Domain", "Ispu.Gis.EnergyBalances.Domain\Ispu.Gis.EnergyBalances.Domain.csproj", "{07A27AEA-A430-437D-BB6C-7217DF5279C3}"
EndProject
Project("{FAE04EC0-301F-11D3-BF4B-00C04F79EFBC}") = "Ispu.Gis.EnergyBalances.Application", "Ispu.Gis.EnergyBalances.Application\Ispu.Gis.EnergyBalances.Application.csproj", "{24E6A795-0368-474E-AD93-6866D238EE97}"
EndProject
Global
	GlobalSection(SolutionConfigurationPlatforms) = preSolution
		Debug|Any CPU = Debug|Any CPU
		Release|Any CPU = Release|Any CPU
	EndGlobalSection
	GlobalSection(ProjectConfigurationPlatforms) = postSolution
		{21B82628-4458-408E-B220-5CECE6836973}.Debug|Any CPU.ActiveCfg = Debug|Any CPU
		{21B82628-4458-408E-B220-5CECE6836973}.Debug|Any CPU.Build.0 = Debug|Any CPU
		{21B82628-4458-408E-B220-5CECE6836973}.Release|Any CPU.ActiveCfg = Release|Any CPU
		{21B82628-4458-408E-B220-5CECE6836973}.Release|Any CPU.Build.0 = Release|Any CPU
		{0BEFEA7A-3041-4884-AA83-42B74467F05D}.Debug|Any CPU.ActiveCfg = Debug|Any CPU
		{0BEFEA7A-3041-4884-AA83-42B74467F05D}.Debug|Any CPU.Build.0 = Debug|Any CPU
		{0BEFEA7A-3041-4884-AA83-42B74467F05D}.Release|Any CPU.ActiveCfg = Release|Any CPU
		{0BEFEA7A-3041-4884-AA83-42B74467F05D}.Release|Any CPU.Build.0 = Release|Any CPU
		{5598154E-5C20-46CF-9F79-32CDA8A7C8A4}.Debug|Any CPU.ActiveCfg = Debug|Any CPU
		{5598154E-5C20-46CF-9F79-32CDA8A7C8A4}.Debug|Any CPU.Build.0 = Debug|Any CPU
		{5598154E-5C20-46CF-9F79-32CDA8A7C8A4}.Release|Any CPU.ActiveCfg = Release|Any CPU
		{5598154E-5C20-46CF-9F79-32CDA8A7C8A4}.Release|Any CPU.Build.0 = Release|Any CPU
		{5D5A920E-5FFF-4ECD-9F7A-EB968EFA89E4}.Debug|Any CPU.ActiveCfg = Debug|Any CPU
		{5D5A920E-5FFF-4ECD-9F7A-EB968EFA89E4}.Debug|Any CPU.Build.0 = Debug|Any CPU
		{5D5A920E-5FFF-4ECD-9F7A-EB968EFA89E4}.Release|Any CPU.ActiveCfg = Release|Any CPU
		{5D5A920E-5FFF-4ECD-9F7A-EB968EFA89E4}.Release|Any CPU.Build.0 = Release|Any CPU
		{07A27AEA-A430-437D-BB6C-7217DF5279C3}.Debug|Any CPU.ActiveCfg = Debug|Any CPU
		{07A27AEA-A430-437D-BB6C-7217DF5279C3}.Debug|Any CPU.Build.0 = Debug|Any CPU
		{07A27AEA-A430-437D-BB6C-7217DF5279C3}.Release|Any CPU.ActiveCfg = Release|Any CPU
		{07A27AEA-A430-437D-BB6C-7217DF5279C3}.Release|Any CPU.Build.0 = Release|Any CPU
		{24E6A795-0368-474E-AD93-6866D238EE97}.Debug|Any CPU.ActiveCfg = Debug|Any CPU
		{24E6A795-0368-474E-AD93-6866D238EE97}.Debug|Any CPU.Build.0 = Debug|Any CPU
		{24E6A795-0368-474E-AD93-6866D238EE97}.Release|Any CPU.ActiveCfg = Release|Any CPU
		{24E6A795-0368-474E-AD93-6866D238EE97}.Release|Any CPU.Build.0 = Release|Any CPU
	EndGlobalSection
	GlobalSection(SolutionProperties) = preSolution
		HideSolutionNode = FALSE
	EndGlobalSection
	GlobalSection(NestedProjects) = preSolution
		{5598154E-5C20-46CF-9F79-32CDA8A7C8A4} = {77A3B7D8-FA8B-408E-BBFD-4D47ABAA8881}
	EndGlobalSection
	GlobalSection(ExtensibilityGlobals) = postSolution
		SolutionGuid = {E2A0499C-9E3A-4C29-B6DD-D82DACCACA2B}
	EndGlobalSection
EndGlobal
